
Microsoft Visual Studio Solution File, Format Version 12.00
# Visual Studio Version 17
VisualStudioVersion = 17.2.32602.215
MinimumVisualStudioVersion = 10.0.40219.1
Project("{FAE04EC0-301F-11D3-BF4B-00C04F79EFBC}") = "Sayi_Tahmin_Oyunu", "SayisalLoto_Proje\Sayi_Tahmin_Oyunu.csproj", "{D359DDAE-9437-49CD-83BD-48D21CBB4396}"
EndProject
Global
	GlobalSection(SolutionConfigurationPlatforms) = preSolution
		Debug|Any CPU = Debug|Any CPU
		Release|Any CPU = Release|Any CPU
	EndGlobalSection
	GlobalSection(ProjectConfigurationPlatforms) = postSolution
		{D359DDAE-9437-49CD-83BD-48D21CBB4396}.Debug|Any CPU.ActiveCfg = Debug|Any CPU
		{D359DDAE-9437-49CD-83BD-48D21CBB4396}.Debug|Any CPU.Build.0 = Debug|Any CPU
		{D359DDAE-9437-49CD-83BD-48D21CBB4396}.Release|Any CPU.ActiveCfg = Release|Any CPU
		{D359DDAE-9437-49CD-83BD-48D21CBB4396}.Release|Any CPU.Build.0 = Release|Any CPU
	EndGlobalSection
	GlobalSection(SolutionProperties) = preSolution
		HideSolutionNode = FALSE
	EndGlobalSection
	GlobalSection(ExtensibilityGlobals) = postSolution
		SolutionGuid = {2B2BC409-5F7D-4C77-BD0D-ECF6BBD726EF}
	EndGlobalSection
EndGlobal
